// !$*UTF8*$!
{
	archiveVersion = 1;
	classes = {
	};
	objectVersion = 56;
	objects = {

/* Begin PBXBuildFile section */
		8B25B10B2B1BF6A800C0C1C0 /* HotProspectsApp.swift in Sources */ = {isa = PBXBuildFile; fileRef = 8B25B10A2B1BF6A800C0C1C0 /* HotProspectsApp.swift */; };
		8B25B10D2B1BF6A800C0C1C0 /* ContentView.swift in Sources */ = {isa = PBXBuildFile; fileRef = 8B25B10C2B1BF6A800C0C1C0 /* ContentView.swift */; };
		8B25B10F2B1BF6A900C0C1C0 /* Assets.xcassets in Resources */ = {isa = PBXBuildFile; fileRef = 8B25B10E2B1BF6A900C0C1C0 /* Assets.xcassets */; };
		8B25B1122B1BF6A900C0C1C0 /* Preview Assets.xcassets in Resources */ = {isa = PBXBuildFile; fileRef = 8B25B1112B1BF6A900C0C1C0 /* Preview Assets.xcassets */; };
		8B25B11D2B1BF6E500C0C1C0 /* ImageSaver.swift in Sources */ = {isa = PBXBuildFile; fileRef = 8B25B1182B1BF6E500C0C1C0 /* ImageSaver.swift */; };
		8B25B11E2B1BF6E500C0C1C0 /* MeView.swift in Sources */ = {isa = PBXBuildFile; fileRef = 8B25B1192B1BF6E500C0C1C0 /* MeView.swift */; };
		8B25B11F2B1BF6E500C0C1C0 /* FileManager.swift in Sources */ = {isa = PBXBuildFile; fileRef = 8B25B11A2B1BF6E500C0C1C0 /* FileManager.swift */; };
		8B25B1202B1BF6E500C0C1C0 /* Prospect.swift in Sources */ = {isa = PBXBuildFile; fileRef = 8B25B11B2B1BF6E500C0C1C0 /* Prospect.swift */; };
		8B25B1212B1BF6E500C0C1C0 /* ProspectsView.swift in Sources */ = {isa = PBXBuildFile; fileRef = 8B25B11C2B1BF6E500C0C1C0 /* ProspectsView.swift */; };
		8B25B1272B1BF8EA00C0C1C0 /* CodeScanner in Frameworks */ = {isa = PBXBuildFile; productRef = 8B25B1262B1BF8EA00C0C1C0 /* CodeScanner */; };
/* End PBXBuildFile section */

/* Begin PBXFileReference section */
		8B25B1072B1BF6A800C0C1C0 /* HotProspects.app */ = {isa = PBXFileReference; explicitFileType = wrapper.application; includeInIndex = 0; path = HotProspects.app; sourceTree = BUILT_PRODUCTS_DIR; };
		8B25B10A2B1BF6A800C0C1C0 /* HotProspectsApp.swift */ = {isa = PBXFileReference; lastKnownFileType = sourcecode.swift; path = HotProspectsApp.swift; sourceTree = "<group>"; };
		8B25B10C2B1BF6A800C0C1C0 /* ContentView.swift */ = {isa = PBXFileReference; lastKnownFileType = sourcecode.swift; path = ContentView.swift; sourceTree = "<group>"; };
		8B25B10E2B1BF6A900C0C1C0 /* Assets.xcassets */ = {isa = PBXFileReference; lastKnownFileType = folder.assetcatalog; path = Assets.xcassets; sourceTree = "<group>"; };
		8B25B1112B1BF6A900C0C1C0 /* Preview Assets.xcassets */ = {isa = PBXFileReference; lastKnownFileType = folder.assetcatalog; path = "Preview Assets.xcassets"; sourceTree = "<group>"; };
		8B25B1182B1BF6E500C0C1C0 /* ImageSaver.swift */ = {isa = PBXFileReference; fileEncoding = 4; lastKnownFileType = sourcecode.swift; path = ImageSaver.swift; sourceTree = "<group>"; };
		8B25B1192B1BF6E500C0C1C0 /* MeView.swift */ = {isa = PBXFileReference; fileEncoding = 4; lastKnownFileType = sourcecode.swift; path = MeView.swift; sourceTree = "<group>"; };
		8B25B11A2B1BF6E500C0C1C0 /* FileManager.swift */ = {isa = PBXFileReference; fileEncoding = 4; lastKnownFileType = sourcecode.swift; path = FileManager.swift; sourceTree = "<group>"; };
		8B25B11B2B1BF6E500C0C1C0 /* Prospect.swift */ = {isa = PBXFileReference; fileEncoding = 4; lastKnownFileType = sourcecode.swift; path = Prospect.swift; sourceTree = "<group>"; };
		8B25B11C2B1BF6E500C0C1C0 /* ProspectsView.swift */ = {isa = PBXFileReference; fileEncoding = 4; lastKnownFileType = sourcecode.swift; path = ProspectsView.swift; sourceTree = "<group>"; };
/* End PBXFileReference section */

/* Begin PBXFrameworksBuildPhase section */
		8B25B1042B1BF6A800C0C1C0 /* Frameworks */ = {
			isa = PBXFrameworksBuildPhase;
			buildActionMask = 2147483647;
			files = (
				8B25B1272B1BF8EA00C0C1C0 /* CodeScanner in Frameworks */,
			);
			runOnlyForDeploymentPostprocessing = 0;
		};
/* End PBXFrameworksBuildPhase section */

/* Begin PBXGroup section */
		8B25B0FE2B1BF6A800C0C1C0 = {
			isa = PBXGroup;
			children = (
				8B25B1092B1BF6A800C0C1C0 /* HotProspects */,
				8B25B1082B1BF6A800C0C1C0 /* Products */,
			);
			sourceTree = "<group>";
		};
		8B25B1082B1BF6A800C0C1C0 /* Products */ = {
			isa = PBXGroup;
			children = (
				8B25B1072B1BF6A800C0C1C0 /* HotProspects.app */,
			);
			name = Products;
			sourceTree = "<group>";
		};
		8B25B1092B1BF6A800C0C1C0 /* HotProspects */ = {
			isa = PBXGroup;
			children = (
				8B25B10A2B1BF6A800C0C1C0 /* HotProspectsApp.swift */,
				8B25B10C2B1BF6A800C0C1C0 /* ContentView.swift */,
				8B25B11C2B1BF6E500C0C1C0 /* ProspectsView.swift */,
				8B25B1192B1BF6E500C0C1C0 /* MeView.swift */,
				8B25B11A2B1BF6E500C0C1C0 /* FileManager.swift */,
				8B25B1182B1BF6E500C0C1C0 /* ImageSaver.swift */,
				8B25B11B2B1BF6E500C0C1C0 /* Prospect.swift */,
				8B25B10E2B1BF6A900C0C1C0 /* Assets.xcassets */,
				8B25B1102B1BF6A900C0C1C0 /* Preview Content */,
			);
			path = HotProspects;
			sourceTree = "<group>";
		};
		8B25B1102B1BF6A900C0C1C0 /* Preview Content */ = {
			isa = PBXGroup;
			children = (
				8B25B1112B1BF6A900C0C1C0 /* Preview Assets.xcassets */,
			);
			path = "Preview Content";
			sourceTree = "<group>";
		};
/* End PBXGroup section */

/* Begin PBXNativeTarget section */
		8B25B1062B1BF6A800C0C1C0 /* HotProspects */ = {
			isa = PBXNativeTarget;
			buildConfigurationList = 8B25B1152B1BF6A900C0C1C0 /* Build configuration list for PBXNativeTarget "HotProspects" */;
			buildPhases = (
				8B25B1032B1BF6A800C0C1C0 /* Sources */,
				8B25B1042B1BF6A800C0C1C0 /* Frameworks */,
				8B25B1052B1BF6A800C0C1C0 /* Resources */,
			);
			buildRules = (
			);
			dependencies = (
			);
			name = HotProspects;
			packageProductDependencies = (
				8B25B1262B1BF8EA00C0C1C0 /* CodeScanner */,
			);
			productName = HotProspects;
			productReference = 8B25B1072B1BF6A800C0C1C0 /* HotProspects.app */;
			productType = "com.apple.product-type.application";
		};
/* End PBXNativeTarget section */

/* Begin PBXProject section */
		8B25B0FF2B1BF6A800C0C1C0 /* Project object */ = {
			isa = PBXProject;
			attributes = {
				BuildIndependentTargetsInParallel = 1;
				LastSwiftUpdateCheck = 1500;
				LastUpgradeCheck = 1500;
				TargetAttributes = {
					8B25B1062B1BF6A800C0C1C0 = {
						CreatedOnToolsVersion = 15.0.1;
					};
				};
			};
			buildConfigurationList = 8B25B1022B1BF6A800C0C1C0 /* Build configuration list for PBXProject "HotProspects" */;
			compatibilityVersion = "Xcode 14.0";
			developmentRegion = en;
			hasScannedForEncodings = 0;
			knownRegions = (
				en,
				Base,
			);
			mainGroup = 8B25B0FE2B1BF6A800C0C1C0;
			packageReferences = (
				8B25B1252B1BF8EA00C0C1C0 /* XCRemoteSwiftPackageReference "CodeScanner" */,
			);
			productRefGroup = 8B25B1082B1BF6A800C0C1C0 /* Products */;
			projectDirPath = "";
			projectRoot = "";
			targets = (
				8B25B1062B1BF6A800C0C1C0 /* HotProspects */,
			);
		};
/* End PBXProject section */

/* Begin PBXResourcesBuildPhase section */
		8B25B1052B1BF6A800C0C1C0 /* Resources */ = {
			isa = PBXResourcesBuildPhase;
			buildActionMask = 2147483647;
			files = (
				8B25B1122B1BF6A900C0C1C0 /* Preview Assets.xcassets in Resources */,
				8B25B10F2B1BF6A900C0C1C0 /* Assets.xcassets in Resources */,
			);
			runOnlyForDeploymentPostprocessing = 0;
		};
/* End PBXResourcesBuildPhase section */

/* Begin PBXSourcesBuildPhase section */
		8B25B1032B1BF6A800C0C1C0 /* Sources */ = {
			isa = PBXSourcesBuildPhase;
			buildActionMask = 2147483647;
			files = (
				8B25B11F2B1BF6E500C0C1C0 /* FileManager.swift in Sources */,
				8B25B1202B1BF6E500C0C1C0 /* Prospect.swift in Sources */,
				8B25B11E2B1BF6E500C0C1C0 /* MeView.swift in Sources */,
				8B25B1212B1BF6E500C0C1C0 /* ProspectsView.swift in Sources */,
				8B25B10D2B1BF6A800C0C1C0 /* ContentView.swift in Sources */,
				8B25B11D2B1BF6E500C0C1C0 /* ImageSaver.swift in Sources */,
				8B25B10B2B1BF6A800C0C1C0 /* HotProspectsApp.swift in Sources */,
			);
			runOnlyForDeploymentPostprocessing = 0;
		};
/* End PBXSourcesBuildPhase section */

/* Begin XCBuildConfiguration section */
		8B25B1132B1BF6A900C0C1C0 /* Debug */ = {
			isa = XCBuildConfiguration;
			buildSettings = {
				ALWAYS_SEARCH_USER_PATHS = NO;
				ASSETCATALOG_COMPILER_GENERATE_SWIFT_ASSET_SYMBOL_EXTENSIONS = YES;
				CLANG_ANALYZER_NONNULL = YES;
				CLANG_ANALYZER_NUMBER_OBJECT_CONVERSION = YES_AGGRESSIVE;
				CLANG_CXX_LANGUAGE_STANDARD = "gnu++20";
				CLANG_ENABLE_MODULES = YES;
				CLANG_ENABLE_OBJC_ARC = YES;
				CLANG_ENABLE_OBJC_WEAK = YES;
				CLANG_WARN_BLOCK_CAPTURE_AUTORELEASING = YES;
				CLANG_WARN_BOOL_CONVERSION = YES;
				CLANG_WARN_COMMA = YES;
				CLANG_WARN_CONSTANT_CONVERSION = YES;
				CLANG_WARN_DEPRECATED_OBJC_IMPLEMENTATIONS = YES;
				CLANG_WARN_DIRECT_OBJC_ISA_USAGE = YES_ERROR;
				CLANG_WARN_DOCUMENTATION_COMMENTS = YES;
				CLANG_WARN_EMPTY_BODY = YES;
				CLANG_WARN_ENUM_CONVERSION = YES;
				CLANG_WARN_INFINITE_RECURSION = YES;
				CLANG_WARN_INT_CONVERSION = YES;
				CLANG_WARN_NON_LITERAL_NULL_CONVERSION = YES;
				CLANG_WARN_OBJC_IMPLICIT_RETAIN_SELF = YES;
				CLANG_WARN_OBJC_LITERAL_CONVERSION = YES;
				CLANG_WARN_OBJC_ROOT_CLASS = YES_ERROR;
				CLANG_WARN_QUOTED_INCLUDE_IN_FRAMEWORK_HEADER = YES;
				CLANG_WARN_RANGE_LOOP_ANALYSIS = YES;
				CLANG_WARN_STRICT_PROTOTYPES = YES;
				CLANG_WARN_SUSPICIOUS_MOVE = YES;
				CLANG_WARN_UNGUARDED_AVAILABILITY = YES_AGGRESSIVE;
				CLANG_WARN_UNREACHABLE_CODE = YES;
				CLANG_WARN__DUPLICATE_METHOD_MATCH = YES;
				COPY_PHASE_STRIP = NO;
				DEBUG_INFORMATION_FORMAT = dwarf;
				ENABLE_STRICT_OBJC_MSGSEND = YES;
				ENABLE_TESTABILITY = YES;
				ENABLE_USER_SCRIPT_SANDBOXING = YES;
				GCC_C_LANGUAGE_STANDARD = gnu17;
				GCC_DYNAMIC_NO_PIC = NO;
				GCC_NO_COMMON_BLOCKS = YES;
				GCC_OPTIMIZATION_LEVEL = 0;
				GCC_PREPROCESSOR_DEFINITIONS = (
					"DEBUG=1",
					"$(inherited)",
				);
				GCC_WARN_64_TO_32_BIT_CONVERSION = YES;
				GCC_WARN_ABOUT_RETURN_TYPE = YES_ERROR;
				GCC_WARN_UNDECLARED_SELECTOR = YES;
				GCC_WARN_UNINITIALIZED_AUTOS = YES_AGGRESSIVE;
				GCC_WARN_UNUSED_FUNCTION = YES;
				GCC_WARN_UNUSED_VARIABLE = YES;
				IPHONEOS_DEPLOYMENT_TARGET = 17.0;
				LOCALIZATION_PREFERS_STRING_CATALOGS = YES;
				MTL_ENABLE_DEBUG_INFO = INCLUDE_SOURCE;
				MTL_FAST_MATH = YES;
				ONLY_ACTIVE_ARCH = YES;
				SDKROOT = iphoneos;
				SWIFT_ACTIVE_COMPILATION_CONDITIONS = "DEBUG $(inherited)";
				SWIFT_OPTIMIZATION_LEVEL = "-Onone";
			};
			name = Debug;
		};
		8B25B1142B1BF6A900C0C1C0 /* Release */ = {
			isa = XCBuildConfiguration;
			buildSettings = {
				ALWAYS_SEARCH_USER_PATHS = NO;
				ASSETCATALOG_COMPILER_GENERATE_SWIFT_ASSET_SYMBOL_EXTENSIONS = YES;
				CLANG_ANALYZER_NONNULL = YES;
				CLANG_ANALYZER_NUMBER_OBJECT_CONVERSION = YES_AGGRESSIVE;
				CLANG_CXX_LANGUAGE_STANDARD = "gnu++20";
				CLANG_ENABLE_MODULES = YES;
				CLANG_ENABLE_OBJC_ARC = YES;
				CLANG_ENABLE_OBJC_WEAK = YES;
				CLANG_WARN_BLOCK_CAPTURE_AUTORELEASING = YES;
				CLANG_WARN_BOOL_CONVERSION = YES;
				CLANG_WARN_COMMA = YES;
				CLANG_WARN_CONSTANT_CONVERSION = YES;
				CLANG_WARN_DEPRECATED_OBJC_IMPLEMENTATIONS = YES;
				CLANG_WARN_DIRECT_OBJC_ISA_USAGE = YES_ERROR;
				CLANG_WARN_DOCUMENTATION_COMMENTS = YES;
				CLANG_WARN_EMPTY_BODY = YES;
				CLANG_WARN_ENUM_CONVERSION = YES;
				CLANG_WARN_INFINITE_RECURSION = YES;
				CLANG_WARN_INT_CONVERSION = YES;
				CLANG_WARN_NON_LITERAL_NULL_CONVERSION = YES;
				CLANG_WARN_OBJC_IMPLICIT_RETAIN_SELF = YES;
				CLANG_WARN_OBJC_LITERAL_CONVERSION = YES;
				CLANG_WARN_OBJC_ROOT_CLASS = YES_ERROR;
				CLANG_WARN_QUOTED_INCLUDE_IN_FRAMEWORK_HEADER = YES;
				CLANG_WARN_RANGE_LOOP_ANALYSIS = YES;
				CLANG_WARN_STRICT_PROTOTYPES = YES;
				CLANG_WARN_SUSPICIOUS_MOVE = YES;
				CLANG_WARN_UNGUARDED_AVAILABILITY = YES_AGGRESSIVE;
				CLANG_WARN_UNREACHABLE_CODE = YES;
				CLANG_WARN__DUPLICATE_METHOD_MATCH = YES;
				COPY_PHASE_STRIP = NO;
				DEBUG_INFORMATION_FORMAT = "dwarf-with-dsym";
				ENABLE_NS_ASSERTIONS = NO;
				ENABLE_STRICT_OBJC_MSGSEND = YES;
				ENABLE_USER_SCRIPT_SANDBOXING = YES;
				GCC_C_LANGUAGE_STANDARD = gnu17;
				GCC_NO_COMMON_BLOCKS = YES;
				GCC_WARN_64_TO_32_BIT_CONVERSION = YES;
				GCC_WARN_ABOUT_RETURN_TYPE = YES_ERROR;
				GCC_WARN_UNDECLARED_SELECTOR = YES;
				GCC_WARN_UNINITIALIZED_AUTOS = YES_AGGRESSIVE;
				GCC_WARN_UNUSED_FUNCTION = YES;
				GCC_WARN_UNUSED_VARIABLE = YES;
				IPHONEOS_DEPLOYMENT_TARGET = 17.0;
				LOCALIZATION_PREFERS_STRING_CATALOGS = YES;
				MTL_ENABLE_DEBUG_INFO = NO;
				MTL_FAST_MATH = YES;
				SDKROOT = iphoneos;
				SWIFT_COMPILATION_MODE = wholemodule;
				VALIDATE_PRODUCT = YES;
			};
			name = Release;
		};
		8B25B1162B1BF6A900C0C1C0 /* Debug */ = {
			isa = XCBuildConfiguration;
			buildSettings = {
				ASSETCATALOG_COMPILER_APPICON_NAME = AppIcon;
				ASSETCATALOG_COMPILER_GLOBAL_ACCENT_COLOR_NAME = AccentColor;
				CODE_SIGN_STYLE = Automatic;
				CURRENT_PROJECT_VERSION = 1;
				DEVELOPMENT_ASSET_PATHS = "\"HotProspects/Preview Content\"";
				DEVELOPMENT_TEAM = ZC2YBFUZ2C;
				ENABLE_PREVIEWS = YES;
				GENERATE_INFOPLIST_FILE = YES;
				INFOPLIST_KEY_UIApplicationSceneManifest_Generation = YES;
				INFOPLIST_KEY_UIApplicationSupportsIndirectInputEvents = YES;
				INFOPLIST_KEY_UILaunchScreen_Generation = YES;
				INFOPLIST_KEY_UISupportedInterfaceOrientations_iPad = "UIInterfaceOrientationPortrait UIInterfaceOrientationPortraitUpsideDown UIInterfaceOrientationLandscapeLeft UIInterfaceOrientationLandscapeRight";
				INFOPLIST_KEY_UISupportedInterfaceOrientations_iPhone = "UIInterfaceOrientationPortrait UIInterfaceOrientationLandscapeLeft UIInterfaceOrientationLandscapeRight";
				LD_RUNPATH_SEARCH_PATHS = (
					"$(inherited)",
					"@executable_path/Frameworks",
				);
				MARKETING_VERSION = 1.0;
				PRODUCT_BUNDLE_IDENTIFIER = com.madsteer.HotProspects;
				PRODUCT_NAME = "$(TARGET_NAME)";
				SWIFT_EMIT_LOC_STRINGS = YES;
				SWIFT_VERSION = 5.0;
				TARGETED_DEVICE_FAMILY = "1,2";
			};
			name = Debug;
		};
		8B25B1172B1BF6A900C0C1C0 /* Release */ = {
			isa = XCBuildConfiguration;
			buildSettings = {
				ASSETCATALOG_COMPILER_APPICON_NAME = AppIcon;
				ASSETCATALOG_COMPILER_GLOBAL_ACCENT_COLOR_NAME = AccentColor;
				CODE_SIGN_STYLE = Automatic;
				CURRENT_PROJECT_VERSION = 1;
				DEVELOPMENT_ASSET_PATHS = "\"HotProspects/Preview Content\"";
				DEVELOPMENT_TEAM = ZC2YBFUZ2C;
				ENABLE_PREVIEWS = YES;
				GENERATE_INFOPLIST_FILE = YES;
				INFOPLIST_KEY_UIApplicationSceneManifest_Generation = YES;
				INFOPLIST_KEY_UIApplicationSupportsIndirectInputEvents = YES;
				INFOPLIST_KEY_UILaunchScreen_Generation = YES;
				INFOPLIST_KEY_UISupportedInterfaceOrientations_iPad = "UIInterfaceOrientationPortrait UIInterfaceOrientationPortraitUpsideDown UIInterfaceOrientationLandscapeLeft UIInterfaceOrientationLandscapeRight";
				INFOPLIST_KEY_UISupportedInterfaceOrientations_iPhone = "UIInterfaceOrientationPortrait UIInterfaceOrientationLandscapeLeft UIInterfaceOrientationLandscapeRight";
				LD_RUNPATH_SEARCH_PATHS = (
					"$(inherited)",
					"@executable_path/Frameworks",
				);
				MARKETING_VERSION = 1.0;
				PRODUCT_BUNDLE_IDENTIFIER = com.madsteer.HotProspects;
				PRODUCT_NAME = "$(TARGET_NAME)";
				SWIFT_EMIT_LOC_STRINGS = YES;
				SWIFT_VERSION = 5.0;
				TARGETED_DEVICE_FAMILY = "1,2";
			};
			name = Release;
		};
/* End XCBuildConfiguration section */

/* Begin XCConfigurationList section */
		8B25B1022B1BF6A800C0C1C0 /* Build configuration list for PBXProject "HotProspects" */ = {
			isa = XCConfigurationList;
			buildConfigurations = (
				8B25B1132B1BF6A900C0C1C0 /* Debug */,
				8B25B1142B1BF6A900C0C1C0 /* Release */,
			);
			defaultConfigurationIsVisible = 0;
			defaultConfigurationName = Release;
		};
		8B25B1152B1BF6A900C0C1C0 /* Build configuration list for PBXNativeTarget "HotProspects" */ = {
			isa = XCConfigurationList;
			buildConfigurations = (
				8B25B1162B1BF6A900C0C1C0 /* Debug */,
				8B25B1172B1BF6A900C0C1C0 /* Release */,
			);
			defaultConfigurationIsVisible = 0;
			defaultConfigurationName = Release;
		};
/* End XCConfigurationList section */

/* Begin XCRemoteSwiftPackageReference section */
		8B25B1252B1BF8EA00C0C1C0 /* XCRemoteSwiftPackageReference "CodeScanner" */ = {
			isa = XCRemoteSwiftPackageReference;
			repositoryURL = "https://github.com/twostraws/CodeScanner";
			requirement = {
				kind = upToNextMajorVersion;
				minimumVersion = 2.3.3;
			};
		};
/* End XCRemoteSwiftPackageReference section */

/* Begin XCSwiftPackageProductDependency section */
		8B25B1262B1BF8EA00C0C1C0 /* CodeScanner */ = {
			isa = XCSwiftPackageProductDependency;
			package = 8B25B1252B1BF8EA00C0C1C0 /* XCRemoteSwiftPackageReference "CodeScanner" */;
			productName = CodeScanner;
		};
/* End XCSwiftPackageProductDependency section */
	};
	rootObject = 8B25B0FF2B1BF6A800C0C1C0 /* Project object */;
}
